
Microsoft Visual Studio Solution File, Format Version 12.00
# Visual Studio 15
VisualStudioVersion = 15.0.28307.329
MinimumVisualStudioVersion = 10.0.40219.1
Project("{FAE04EC0-301F-11D3-BF4B-00C04F79EFBC}") = "SalesWebMvc", "SalesWebMvc\SalesWebMvc.csproj", "{C5EFED93-6588-4CF5-8DEF-1FA63F6CA914}"
EndProject
Global
	GlobalSection(SolutionConfigurationPlatforms) = preSolution
		Debug|Any CPU = Debug|Any CPU
		Release|Any CPU = Release|Any CPU
	EndGlobalSection
	GlobalSection(ProjectConfigurationPlatforms) = postSolution
		{C5EFED93-6588-4CF5-8DEF-1FA63F6CA914}.Debug|Any CPU.ActiveCfg = Debug|Any CPU
		{C5EFED93-6588-4CF5-8DEF-1FA63F6CA914}.Debug|Any CPU.Build.0 = Debug|Any CPU
		{C5EFED93-6588-4CF5-8DEF-1FA63F6CA914}.Release|Any CPU.ActiveCfg = Release|Any CPU
		{C5EFED93-6588-4CF5-8DEF-1FA63F6CA914}.Release|Any CPU.Build.0 = Release|Any CPU
	EndGlobalSection
	GlobalSection(SolutionProperties) = preSolution
		HideSolutionNode = FALSE
	EndGlobalSection
	GlobalSection(ExtensibilityGlobals) = postSolution
		SolutionGuid = {24E6465E-8825-47A0-BEF5-D6EF2AAE0BE4}
	EndGlobalSection
EndGlobal
